
Microsoft Visual Studio Solution File, Format Version 12.00
# Visual Studio Version 16
VisualStudioVersion = 16.0.29324.140
MinimumVisualStudioVersion = 10.0.40219.1
Project("{FAE04EC0-301F-11D3-BF4B-00C04F79EFBC}") = "ErrorCenter", "ErrorCenter\ErrorCenter.csproj", "{0354CBD9-325B-45E3-97FE-630AD703D762}"
EndProject
Project("{FAE04EC0-301F-11D3-BF4B-00C04F79EFBC}") = "ErrorCenter.Models", "ErrorCenter.Models\ErrorCenter.Models.csproj", "{B522C513-9C7A-48D5-90AC-FA8757C04C2C}"
EndProject
Project("{9A19103F-16F7-4668-BE54-9A1E7A4F7556}") = "ErrorCenter.Service", "ErrorCenter.Service\ErrorCenter.Service.csproj", "{C4AF2C2E-DED2-409F-A353-0BE8AC4694C4}"
EndProject
Global
	GlobalSection(SolutionConfigurationPlatforms) = preSolution
		Debug|Any CPU = Debug|Any CPU
		Release|Any CPU = Release|Any CPU
	EndGlobalSection
	GlobalSection(ProjectConfigurationPlatforms) = postSolution
		{0354CBD9-325B-45E3-97FE-630AD703D762}.Debug|Any CPU.ActiveCfg = Debug|Any CPU
		{0354CBD9-325B-45E3-97FE-630AD703D762}.Debug|Any CPU.Build.0 = Debug|Any CPU
		{0354CBD9-325B-45E3-97FE-630AD703D762}.Release|Any CPU.ActiveCfg = Release|Any CPU
		{0354CBD9-325B-45E3-97FE-630AD703D762}.Release|Any CPU.Build.0 = Release|Any CPU
		{B522C513-9C7A-48D5-90AC-FA8757C04C2C}.Debug|Any CPU.ActiveCfg = Debug|Any CPU
		{B522C513-9C7A-48D5-90AC-FA8757C04C2C}.Debug|Any CPU.Build.0 = Debug|Any CPU
		{B522C513-9C7A-48D5-90AC-FA8757C04C2C}.Release|Any CPU.ActiveCfg = Release|Any CPU
		{B522C513-9C7A-48D5-90AC-FA8757C04C2C}.Release|Any CPU.Build.0 = Release|Any CPU
		{C4AF2C2E-DED2-409F-A353-0BE8AC4694C4}.Debug|Any CPU.ActiveCfg = Debug|Any CPU
		{C4AF2C2E-DED2-409F-A353-0BE8AC4694C4}.Debug|Any CPU.Build.0 = Debug|Any CPU
		{C4AF2C2E-DED2-409F-A353-0BE8AC4694C4}.Release|Any CPU.ActiveCfg = Release|Any CPU
		{C4AF2C2E-DED2-409F-A353-0BE8AC4694C4}.Release|Any CPU.Build.0 = Release|Any CPU
	EndGlobalSection
	GlobalSection(SolutionProperties) = preSolution
		HideSolutionNode = FALSE
	EndGlobalSection
	GlobalSection(ExtensibilityGlobals) = postSolution
		SolutionGuid = {9E00812F-730E-4096-A8DD-A031570DA7FF}
	EndGlobalSection
EndGlobal
